
Microsoft Visual Studio Solution File, Format Version 12.00
# Visual Studio Version 17
VisualStudioVersion = 17.11.35327.3
MinimumVisualStudioVersion = 10.0.40219.1
Project("{8BC9CEB8-8B4A-11D0-8D11-00A0C91BC942}") = "OpenSiv3D_0.6.157", "OpenSiv3D_0.6.157\OpenSiv3D_0.6.157.vcxproj", "{B848BFCD-84AF-4827-9477-2AE6702D7F9C}"
EndProject
Global
	GlobalSection(SolutionConfigurationPlatforms) = preSolution
		Debug|x64 = Debug|x64
		Release|x64 = Release|x64
	EndGlobalSection
	GlobalSection(ProjectConfigurationPlatforms) = postSolution
		{B848BFCD-84AF-4827-9477-2AE6702D7F9C}.Debug|x64.ActiveCfg = Debug|x64
		{B848BFCD-84AF-4827-9477-2AE6702D7F9C}.Debug|x64.Build.0 = Debug|x64
		{B848BFCD-84AF-4827-9477-2AE6702D7F9C}.Release|x64.ActiveCfg = Release|x64
		{B848BFCD-84AF-4827-9477-2AE6702D7F9C}.Release|x64.Build.0 = Release|x64
	EndGlobalSection
	GlobalSection(SolutionProperties) = preSolution
		HideSolutionNode = FALSE
	EndGlobalSection
	GlobalSection(ExtensibilityGlobals) = postSolution
		SolutionGuid = {55AB6559-BE81-41CE-A906-8A06F0240D31}
	EndGlobalSection
EndGlobal
